
Microsoft Visual Studio Solution File, Format Version 12.00
# Visual Studio Version 16
VisualStudioVersion = 16.0.29215.179
MinimumVisualStudioVersion = 10.0.40219.1
Project("{FAE04EC0-301F-11D3-BF4B-00C04F79EFBC}") = "Beths Pies", "Beths Pies\Beths Pies.csproj", "{3FF9BEB4-7B46-4ACE-9E84-39FE55F67460}"
EndProject
Project("{9A19103F-16F7-4668-BE54-9A1E7A4F7556}") = "BethsPiesMobile.core", "BethsPiesMobile.core\BethsPiesMobile.core.csproj", "{D7522473-79EB-4661-B586-3ED4FD2F8B43}"
EndProject
Project("{9A19103F-16F7-4668-BE54-9A1E7A4F7556}") = "BethanysPieShopMobile.API", "BethanysPieShopMobile.API\BethanysPieShopMobile.API.csproj", "{6CAC9ACB-FAEE-462B-8794-0F285385E633}"
EndProject
Global
	GlobalSection(SolutionConfigurationPlatforms) = preSolution
		Debug|Any CPU = Debug|Any CPU
		Release|Any CPU = Release|Any CPU
	EndGlobalSection
	GlobalSection(ProjectConfigurationPlatforms) = postSolution
		{3FF9BEB4-7B46-4ACE-9E84-39FE55F67460}.Debug|Any CPU.ActiveCfg = Debug|Any CPU
		{3FF9BEB4-7B46-4ACE-9E84-39FE55F67460}.Debug|Any CPU.Build.0 = Debug|Any CPU
		{3FF9BEB4-7B46-4ACE-9E84-39FE55F67460}.Debug|Any CPU.Deploy.0 = Debug|Any CPU
		{3FF9BEB4-7B46-4ACE-9E84-39FE55F67460}.Release|Any CPU.ActiveCfg = Release|Any CPU
		{3FF9BEB4-7B46-4ACE-9E84-39FE55F67460}.Release|Any CPU.Build.0 = Release|Any CPU
		{3FF9BEB4-7B46-4ACE-9E84-39FE55F67460}.Release|Any CPU.Deploy.0 = Release|Any CPU
		{D7522473-79EB-4661-B586-3ED4FD2F8B43}.Debug|Any CPU.ActiveCfg = Debug|Any CPU
		{D7522473-79EB-4661-B586-3ED4FD2F8B43}.Debug|Any CPU.Build.0 = Debug|Any CPU
		{D7522473-79EB-4661-B586-3ED4FD2F8B43}.Release|Any CPU.ActiveCfg = Release|Any CPU
		{D7522473-79EB-4661-B586-3ED4FD2F8B43}.Release|Any CPU.Build.0 = Release|Any CPU
		{6CAC9ACB-FAEE-462B-8794-0F285385E633}.Debug|Any CPU.ActiveCfg = Debug|Any CPU
		{6CAC9ACB-FAEE-462B-8794-0F285385E633}.Debug|Any CPU.Build.0 = Debug|Any CPU
		{6CAC9ACB-FAEE-462B-8794-0F285385E633}.Release|Any CPU.ActiveCfg = Release|Any CPU
		{6CAC9ACB-FAEE-462B-8794-0F285385E633}.Release|Any CPU.Build.0 = Release|Any CPU
	EndGlobalSection
	GlobalSection(SolutionProperties) = preSolution
		HideSolutionNode = FALSE
	EndGlobalSection
	GlobalSection(ExtensibilityGlobals) = postSolution
		SolutionGuid = {B485D5BD-80A1-4770-A558-A88C0F7F7FC0}
	EndGlobalSection
EndGlobal
